{
  "name": "input-events",
  "lockfileVersion": 3,
  "requires": true,
  "packages": {
    "": {
      "dependencies": {
        "tidy-html5": "^0.1.1"
      }
    },
    "node_modules/tidy-html5": {
      "version": "0.1.1",
      "resolved": "https://registry.npmjs.org/tidy-html5/-/tidy-html5-0.1.1.tgz",
      "integrity": "sha512-soF05DsxUgOtRFreWARlGnu0rrHc9nRRl2kIuInaz93Y4moc2pkQOBh0Dm+CI7Dt6rxhPxY58No6Ug6iE2vqUg=="
    }
  }
}
